// !$*UTF8*$!
{
	archiveVersion = 1;
	classes = {
	};
	objectVersion = 56;
	objects = {

/* Begin PBXBuildFile section */
		180495892A987EE8000D4BE9 /* DetailsViewController.swift in Sources */ = {isa = PBXBuildFile; fileRef = 180495882A987EE8000D4BE9 /* DetailsViewController.swift */; };
		18371BEE2A95F220004C3261 /* TableViewController.swift in Sources */ = {isa = PBXBuildFile; fileRef = 18371BED2A95F220004C3261 /* TableViewController.swift */; };
		18371BF02A95F2BA004C3261 /* TableViewCell.swift in Sources */ = {isa = PBXBuildFile; fileRef = 18371BEF2A95F2BA004C3261 /* TableViewCell.swift */; };
		18371BF22A95F55E004C3261 /* EditViewController.swift in Sources */ = {isa = PBXBuildFile; fileRef = 18371BF12A95F55E004C3261 /* EditViewController.swift */; };
		1841369C2A74DB4900C22818 /* AppDelegate.swift in Sources */ = {isa = PBXBuildFile; fileRef = 1841369B2A74DB4900C22818 /* AppDelegate.swift */; };
		1841369E2A74DB4900C22818 /* SceneDelegate.swift in Sources */ = {isa = PBXBuildFile; fileRef = 1841369D2A74DB4900C22818 /* SceneDelegate.swift */; };
		184136A02A74DB4900C22818 /* AddViewController.swift in Sources */ = {isa = PBXBuildFile; fileRef = 1841369F2A74DB4900C22818 /* AddViewController.swift */; };
		184136A32A74DB4900C22818 /* Main.storyboard in Resources */ = {isa = PBXBuildFile; fileRef = 184136A12A74DB4900C22818 /* Main.storyboard */; };
		184136A52A74DB4A00C22818 /* Assets.xcassets in Resources */ = {isa = PBXBuildFile; fileRef = 184136A42A74DB4A00C22818 /* Assets.xcassets */; };
		184136A82A74DB4A00C22818 /* LaunchScreen.storyboard in Resources */ = {isa = PBXBuildFile; fileRef = 184136A62A74DB4A00C22818 /* LaunchScreen.storyboard */; };
		C39BB78B67A795F39CDF5283 /* Pods_MyTodoCrud.framework in Frameworks */ = {isa = PBXBuildFile; fileRef = 63D8A030CC15FA9857BC66B7 /* Pods_MyTodoCrud.framework */; };
/* End PBXBuildFile section */

/* Begin PBXFileReference section */
		180495882A987EE8000D4BE9 /* DetailsViewController.swift */ = {isa = PBXFileReference; lastKnownFileType = sourcecode.swift; path = DetailsViewController.swift; sourceTree = "<group>"; };
		18371BED2A95F220004C3261 /* TableViewController.swift */ = {isa = PBXFileReference; lastKnownFileType = sourcecode.swift; path = TableViewController.swift; sourceTree = "<group>"; };
		18371BEF2A95F2BA004C3261 /* TableViewCell.swift */ = {isa = PBXFileReference; lastKnownFileType = sourcecode.swift; path = TableViewCell.swift; sourceTree = "<group>"; };
		18371BF12A95F55E004C3261 /* EditViewController.swift */ = {isa = PBXFileReference; lastKnownFileType = sourcecode.swift; path = EditViewController.swift; sourceTree = "<group>"; };
		184136982A74DB4900C22818 /* MyTodoCrud.app */ = {isa = PBXFileReference; explicitFileType = wrapper.application; includeInIndex = 0; path = MyTodoCrud.app; sourceTree = BUILT_PRODUCTS_DIR; };
		1841369B2A74DB4900C22818 /* AppDelegate.swift */ = {isa = PBXFileReference; lastKnownFileType = sourcecode.swift; path = AppDelegate.swift; sourceTree = "<group>"; };
		1841369D2A74DB4900C22818 /* SceneDelegate.swift */ = {isa = PBXFileReference; lastKnownFileType = sourcecode.swift; path = SceneDelegate.swift; sourceTree = "<group>"; };
		1841369F2A74DB4900C22818 /* AddViewController.swift */ = {isa = PBXFileReference; lastKnownFileType = sourcecode.swift; path = AddViewController.swift; sourceTree = "<group>"; };
		184136A22A74DB4900C22818 /* Base */ = {isa = PBXFileReference; lastKnownFileType = file.storyboard; name = Base; path = Base.lproj/Main.storyboard; sourceTree = "<group>"; };
		184136A42A74DB4A00C22818 /* Assets.xcassets */ = {isa = PBXFileReference; lastKnownFileType = folder.assetcatalog; path = Assets.xcassets; sourceTree = "<group>"; };
		184136A72A74DB4A00C22818 /* Base */ = {isa = PBXFileReference; lastKnownFileType = file.storyboard; name = Base; path = Base.lproj/LaunchScreen.storyboard; sourceTree = "<group>"; };
		184136A92A74DB4A00C22818 /* Info.plist */ = {isa = PBXFileReference; lastKnownFileType = text.plist.xml; path = Info.plist; sourceTree = "<group>"; };
		3BF4A16AE7B3234DAF376201 /* Pods-MyTodoCrud.release.xcconfig */ = {isa = PBXFileReference; includeInIndex = 1; lastKnownFileType = text.xcconfig; name = "Pods-MyTodoCrud.release.xcconfig"; path = "Target Support Files/Pods-MyTodoCrud/Pods-MyTodoCrud.release.xcconfig"; sourceTree = "<group>"; };
		63D8A030CC15FA9857BC66B7 /* Pods_MyTodoCrud.framework */ = {isa = PBXFileReference; explicitFileType = wrapper.framework; includeInIndex = 0; path = Pods_MyTodoCrud.framework; sourceTree = BUILT_PRODUCTS_DIR; };
		B95C4F09D4C9C2CDEF3E851C /* Pods-MyTodoCrud.debug.xcconfig */ = {isa = PBXFileReference; includeInIndex = 1; lastKnownFileType = text.xcconfig; name = "Pods-MyTodoCrud.debug.xcconfig"; path = "Target Support Files/Pods-MyTodoCrud/Pods-MyTodoCrud.debug.xcconfig"; sourceTree = "<group>"; };
/* End PBXFileReference section */

/* Begin PBXFrameworksBuildPhase section */
		184136952A74DB4900C22818 /* Frameworks */ = {
			isa = PBXFrameworksBuildPhase;
			buildActionMask = 2147483647;
			files = (
				C39BB78B67A795F39CDF5283 /* Pods_MyTodoCrud.framework in Frameworks */,
			);
			runOnlyForDeploymentPostprocessing = 0;
		};
/* End PBXFrameworksBuildPhase section */

/* Begin PBXGroup section */
		1841368F2A74DB4900C22818 = {
			isa = PBXGroup;
			children = (
				1841369A2A74DB4900C22818 /* MyTodoCrud */,
				184136992A74DB4900C22818 /* Products */,
				8CD5F9B27DA03B6089D74D75 /* Pods */,
				F757862430DEC6C8D11D6CCF /* Frameworks */,
			);
			sourceTree = "<group>";
		};
		184136992A74DB4900C22818 /* Products */ = {
			isa = PBXGroup;
			children = (
				184136982A74DB4900C22818 /* MyTodoCrud.app */,
			);
			name = Products;
			sourceTree = "<group>";
		};
		1841369A2A74DB4900C22818 /* MyTodoCrud */ = {
			isa = PBXGroup;
			children = (
				1841369B2A74DB4900C22818 /* AppDelegate.swift */,
				184136A12A74DB4900C22818 /* Main.storyboard */,
				1841369F2A74DB4900C22818 /* AddViewController.swift */,
				18371BEF2A95F2BA004C3261 /* TableViewCell.swift */,
				18371BF12A95F55E004C3261 /* EditViewController.swift */,
				180495882A987EE8000D4BE9 /* DetailsViewController.swift */,
				18371BED2A95F220004C3261 /* TableViewController.swift */,
				1841369D2A74DB4900C22818 /* SceneDelegate.swift */,
				184136A42A74DB4A00C22818 /* Assets.xcassets */,
				184136A62A74DB4A00C22818 /* LaunchScreen.storyboard */,
				184136A92A74DB4A00C22818 /* Info.plist */,
			);
			path = MyTodoCrud;
			sourceTree = "<group>";
		};
		8CD5F9B27DA03B6089D74D75 /* Pods */ = {
			isa = PBXGroup;
			children = (
				B95C4F09D4C9C2CDEF3E851C /* Pods-MyTodoCrud.debug.xcconfig */,
				3BF4A16AE7B3234DAF376201 /* Pods-MyTodoCrud.release.xcconfig */,
			);
			path = Pods;
			sourceTree = "<group>";
		};
		F757862430DEC6C8D11D6CCF /* Frameworks */ = {
			isa = PBXGroup;
			children = (
				63D8A030CC15FA9857BC66B7 /* Pods_MyTodoCrud.framework */,
			);
			name = Frameworks;
			sourceTree = "<group>";
		};
/* End PBXGroup section */

/* Begin PBXNativeTarget section */
		184136972A74DB4900C22818 /* MyTodoCrud */ = {
			isa = PBXNativeTarget;
			buildConfigurationList = 184136AC2A74DB4A00C22818 /* Build configuration list for PBXNativeTarget "MyTodoCrud" */;
			buildPhases = (
				5BA9AB23E654FA196E9B3734 /* [CP] Check Pods Manifest.lock */,
				184136942A74DB4900C22818 /* Sources */,
				184136952A74DB4900C22818 /* Frameworks */,
				184136962A74DB4900C22818 /* Resources */,
				9147B86150F9718C0D19DC47 /* [CP] Embed Pods Frameworks */,
			);
			buildRules = (
			);
			dependencies = (
			);
			name = MyTodoCrud;
			productName = MyTodoCrud;
			productReference = 184136982A74DB4900C22818 /* MyTodoCrud.app */;
			productType = "com.apple.product-type.application";
		};
/* End PBXNativeTarget section */

/* Begin PBXProject section */
		184136902A74DB4900C22818 /* Project object */ = {
			isa = PBXProject;
			attributes = {
				BuildIndependentTargetsInParallel = 1;
				LastSwiftUpdateCheck = 1430;
				LastUpgradeCheck = 1430;
				TargetAttributes = {
					184136972A74DB4900C22818 = {
						CreatedOnToolsVersion = 14.3.1;
					};
				};
			};
			buildConfigurationList = 184136932A74DB4900C22818 /* Build configuration list for PBXProject "MyTodoCrud" */;
			compatibilityVersion = "Xcode 14.0";
			developmentRegion = en;
			hasScannedForEncodings = 0;
			knownRegions = (
				en,
				Base,
			);
			mainGroup = 1841368F2A74DB4900C22818;
			productRefGroup = 184136992A74DB4900C22818 /* Products */;
			projectDirPath = "";
			projectRoot = "";
			targets = (
				184136972A74DB4900C22818 /* MyTodoCrud */,
			);
		};
/* End PBXProject section */

/* Begin PBXResourcesBuildPhase section */
		184136962A74DB4900C22818 /* Resources */ = {
			isa = PBXResourcesBuildPhase;
			buildActionMask = 2147483647;
			files = (
				184136A82A74DB4A00C22818 /* LaunchScreen.storyboard in Resources */,
				184136A52A74DB4A00C22818 /* Assets.xcassets in Resources */,
				184136A32A74DB4900C22818 /* Main.storyboard in Resources */,
			);
			runOnlyForDeploymentPostprocessing = 0;
		};
/* End PBXResourcesBuildPhase section */

/* Begin PBXShellScriptBuildPhase section */
		5BA9AB23E654FA196E9B3734 /* [CP] Check Pods Manifest.lock */ = {
			isa = PBXShellScriptBuildPhase;
			buildActionMask = 2147483647;
			files = (
			);
			inputFileListPaths = (
			);
			inputPaths = (
				"${PODS_PODFILE_DIR_PATH}/Podfile.lock",
				"${PODS_ROOT}/Manifest.lock",
			);
			name = "[CP] Check Pods Manifest.lock";
			outputFileListPaths = (
			);
			outputPaths = (
				"$(DERIVED_FILE_DIR)/Pods-MyTodoCrud-checkManifestLockResult.txt",
			);
			runOnlyForDeploymentPostprocessing = 0;
			shellPath = /bin/sh;
			shellScript = "diff \"${PODS_PODFILE_DIR_PATH}/Podfile.lock\" \"${PODS_ROOT}/Manifest.lock\" > /dev/null\nif [ $? != 0 ] ; then\n    # print error to STDERR\n    echo \"error: The sandbox is not in sync with the Podfile.lock. Run 'pod install' or update your CocoaPods installation.\" >&2\n    exit 1\nfi\n# This output is used by Xcode 'outputs' to avoid re-running this script phase.\necho \"SUCCESS\" > \"${SCRIPT_OUTPUT_FILE_0}\"\n";
			showEnvVarsInLog = 0;
		};
		9147B86150F9718C0D19DC47 /* [CP] Embed Pods Frameworks */ = {
			isa = PBXShellScriptBuildPhase;
			buildActionMask = 2147483647;
			files = (
			);
			inputFileListPaths = (
				"${PODS_ROOT}/Target Support Files/Pods-MyTodoCrud/Pods-MyTodoCrud-frameworks-${CONFIGURATION}-input-files.xcfilelist",
			);
			name = "[CP] Embed Pods Frameworks";
			outputFileListPaths = (
				"${PODS_ROOT}/Target Support Files/Pods-MyTodoCrud/Pods-MyTodoCrud-frameworks-${CONFIGURATION}-output-files.xcfilelist",
			);
			runOnlyForDeploymentPostprocessing = 0;
			shellPath = /bin/sh;
			shellScript = "\"${PODS_ROOT}/Target Support Files/Pods-MyTodoCrud/Pods-MyTodoCrud-frameworks.sh\"\n";
			showEnvVarsInLog = 0;
		};
/* End PBXShellScriptBuildPhase section */

/* Begin PBXSourcesBuildPhase section */
		184136942A74DB4900C22818 /* Sources */ = {
			isa = PBXSourcesBuildPhase;
			buildActionMask = 2147483647;
			files = (
				18371BEE2A95F220004C3261 /* TableViewController.swift in Sources */,
				180495892A987EE8000D4BE9 /* DetailsViewController.swift in Sources */,
				184136A02A74DB4900C22818 /* AddViewController.swift in Sources */,
				1841369C2A74DB4900C22818 /* AppDelegate.swift in Sources */,
				1841369E2A74DB4900C22818 /* SceneDelegate.swift in Sources */,
				18371BF22A95F55E004C3261 /* EditViewController.swift in Sources */,
				18371BF02A95F2BA004C3261 /* TableViewCell.swift in Sources */,
			);
			runOnlyForDeploymentPostprocessing = 0;
		};
/* End PBXSourcesBuildPhase section */

/* Begin PBXVariantGroup section */
		184136A12A74DB4900C22818 /* Main.storyboard */ = {
			isa = PBXVariantGroup;
			children = (
				184136A22A74DB4900C22818 /* Base */,
			);
			name = Main.storyboard;
			sourceTree = "<group>";
		};
		184136A62A74DB4A00C22818 /* LaunchScreen.storyboard */ = {
			isa = PBXVariantGroup;
			children = (
				184136A72A74DB4A00C22818 /* Base */,
			);
			name = LaunchScreen.storyboard;
			sourceTree = "<group>";
		};
/* End PBXVariantGroup section */

/* Begin XCBuildConfiguration section */
		184136AA2A74DB4A00C22818 /* Debug */ = {
			isa = XCBuildConfiguration;
			buildSettings = {
				ALWAYS_SEARCH_USER_PATHS = NO;
				CLANG_ANALYZER_NONNULL = YES;
				CLANG_ANALYZER_NUMBER_OBJECT_CONVERSION = YES_AGGRESSIVE;
				CLANG_CXX_LANGUAGE_STANDARD = "gnu++20";
				CLANG_ENABLE_MODULES = YES;
				CLANG_ENABLE_OBJC_ARC = YES;
				CLANG_ENABLE_OBJC_WEAK = YES;
				CLANG_WARN_BLOCK_CAPTURE_AUTORELEASING = YES;
				CLANG_WARN_BOOL_CONVERSION = YES;
				CLANG_WARN_COMMA = YES;
				CLANG_WARN_CONSTANT_CONVERSION = YES;
				CLANG_WARN_DEPRECATED_OBJC_IMPLEMENTATIONS = YES;
				CLANG_WARN_DIRECT_OBJC_ISA_USAGE = YES_ERROR;
				CLANG_WARN_DOCUMENTATION_COMMENTS = YES;
				CLANG_WARN_EMPTY_BODY = YES;
				CLANG_WARN_ENUM_CONVERSION = YES;
				CLANG_WARN_INFINITE_RECURSION = YES;
				CLANG_WARN_INT_CONVERSION = YES;
				CLANG_WARN_NON_LITERAL_NULL_CONVERSION = YES;
				CLANG_WARN_OBJC_IMPLICIT_RETAIN_SELF = YES;
				CLANG_WARN_OBJC_LITERAL_CONVERSION = YES;
				CLANG_WARN_OBJC_ROOT_CLASS = YES_ERROR;
				CLANG_WARN_QUOTED_INCLUDE_IN_FRAMEWORK_HEADER = YES;
				CLANG_WARN_RANGE_LOOP_ANALYSIS = YES;
				CLANG_WARN_STRICT_PROTOTYPES = YES;
				CLANG_WARN_SUSPICIOUS_MOVE = YES;
				CLANG_WARN_UNGUARDED_AVAILABILITY = YES_AGGRESSIVE;
				CLANG_WARN_UNREACHABLE_CODE = YES;
				CLANG_WARN__DUPLICATE_METHOD_MATCH = YES;
				COPY_PHASE_STRIP = NO;
				DEBUG_INFORMATION_FORMAT = dwarf;
				ENABLE_STRICT_OBJC_MSGSEND = YES;
				ENABLE_TESTABILITY = YES;
				GCC_C_LANGUAGE_STANDARD = gnu11;
				GCC_DYNAMIC_NO_PIC = NO;
				GCC_NO_COMMON_BLOCKS = YES;
				GCC_OPTIMIZATION_LEVEL = 0;
				GCC_PREPROCESSOR_DEFINITIONS = (
					"DEBUG=1",
					"$(inherited)",
				);
				GCC_WARN_64_TO_32_BIT_CONVERSION = YES;
				GCC_WARN_ABOUT_RETURN_TYPE = YES_ERROR;
				GCC_WARN_UNDECLARED_SELECTOR = YES;
				GCC_WARN_UNINITIALIZED_AUTOS = YES_AGGRESSIVE;
				GCC_WARN_UNUSED_FUNCTION = YES;
				GCC_WARN_UNUSED_VARIABLE = YES;
				IPHONEOS_DEPLOYMENT_TARGET = 16.4;
				MTL_ENABLE_DEBUG_INFO = INCLUDE_SOURCE;
				MTL_FAST_MATH = YES;
				ONLY_ACTIVE_ARCH = YES;
				SDKROOT = iphoneos;
				SWIFT_ACTIVE_COMPILATION_CONDITIONS = DEBUG;
				SWIFT_OPTIMIZATION_LEVEL = "-Onone";
			};
			name = Debug;
		};
		184136AB2A74DB4A00C22818 /* Release */ = {
			isa = XCBuildConfiguration;
			buildSettings = {
				ALWAYS_SEARCH_USER_PATHS = NO;
				CLANG_ANALYZER_NONNULL = YES;
				CLANG_ANALYZER_NUMBER_OBJECT_CONVERSION = YES_AGGRESSIVE;
				CLANG_CXX_LANGUAGE_STANDARD = "gnu++20";
				CLANG_ENABLE_MODULES = YES;
				CLANG_ENABLE_OBJC_ARC = YES;
				CLANG_ENABLE_OBJC_WEAK = YES;
				CLANG_WARN_BLOCK_CAPTURE_AUTORELEASING = YES;
				CLANG_WARN_BOOL_CONVERSION = YES;
				CLANG_WARN_COMMA = YES;
				CLANG_WARN_CONSTANT_CONVERSION = YES;
				CLANG_WARN_DEPRECATED_OBJC_IMPLEMENTATIONS = YES;
				CLANG_WARN_DIRECT_OBJC_ISA_USAGE = YES_ERROR;
				CLANG_WARN_DOCUMENTATION_COMMENTS = YES;
				CLANG_WARN_EMPTY_BODY = YES;
				CLANG_WARN_ENUM_CONVERSION = YES;
				CLANG_WARN_INFINITE_RECURSION = YES;
				CLANG_WARN_INT_CONVERSION = YES;
				CLANG_WARN_NON_LITERAL_NULL_CONVERSION = YES;
				CLANG_WARN_OBJC_IMPLICIT_RETAIN_SELF = YES;
				CLANG_WARN_OBJC_LITERAL_CONVERSION = YES;
				CLANG_WARN_OBJC_ROOT_CLASS = YES_ERROR;
				CLANG_WARN_QUOTED_INCLUDE_IN_FRAMEWORK_HEADER = YES;
				CLANG_WARN_RANGE_LOOP_ANALYSIS = YES;
				CLANG_WARN_STRICT_PROTOTYPES = YES;
				CLANG_WARN_SUSPICIOUS_MOVE = YES;
				CLANG_WARN_UNGUARDED_AVAILABILITY = YES_AGGRESSIVE;
				CLANG_WARN_UNREACHABLE_CODE = YES;
				CLANG_WARN__DUPLICATE_METHOD_MATCH = YES;
				COPY_PHASE_STRIP = NO;
				DEBUG_INFORMATION_FORMAT = "dwarf-with-dsym";
				ENABLE_NS_ASSERTIONS = NO;
				ENABLE_STRICT_OBJC_MSGSEND = YES;
				GCC_C_LANGUAGE_STANDARD = gnu11;
				GCC_NO_COMMON_BLOCKS = YES;
				GCC_WARN_64_TO_32_BIT_CONVERSION = YES;
				GCC_WARN_ABOUT_RETURN_TYPE = YES_ERROR;
				GCC_WARN_UNDECLARED_SELECTOR = YES;
				GCC_WARN_UNINITIALIZED_AUTOS = YES_AGGRESSIVE;
				GCC_WARN_UNUSED_FUNCTION = YES;
				GCC_WARN_UNUSED_VARIABLE = YES;
				IPHONEOS_DEPLOYMENT_TARGET = 16.4;
				MTL_ENABLE_DEBUG_INFO = NO;
				MTL_FAST_MATH = YES;
				SDKROOT = iphoneos;
				SWIFT_COMPILATION_MODE = wholemodule;
				SWIFT_OPTIMIZATION_LEVEL = "-O";
				VALIDATE_PRODUCT = YES;
			};
			name = Release;
		};
		184136AD2A74DB4A00C22818 /* Debug */ = {
			isa = XCBuildConfiguration;
			baseConfigurationReference = B95C4F09D4C9C2CDEF3E851C /* Pods-MyTodoCrud.debug.xcconfig */;
			buildSettings = {
				ASSETCATALOG_COMPILER_APPICON_NAME = AppIcon;
				ASSETCATALOG_COMPILER_GLOBAL_ACCENT_COLOR_NAME = AccentColor;
				CODE_SIGN_STYLE = Automatic;
				CURRENT_PROJECT_VERSION = 1;
				DEVELOPMENT_TEAM = 5M8M86Z6A5;
				GENERATE_INFOPLIST_FILE = YES;
				INFOPLIST_FILE = MyTodoCrud/Info.plist;
				INFOPLIST_KEY_UIApplicationSupportsIndirectInputEvents = YES;
				INFOPLIST_KEY_UILaunchStoryboardName = LaunchScreen;
				INFOPLIST_KEY_UIMainStoryboardFile = Main;
				INFOPLIST_KEY_UISupportedInterfaceOrientations_iPad = "UIInterfaceOrientationPortrait UIInterfaceOrientationPortraitUpsideDown UIInterfaceOrientationLandscapeLeft UIInterfaceOrientationLandscapeRight";
				INFOPLIST_KEY_UISupportedInterfaceOrientations_iPhone = "UIInterfaceOrientationPortrait UIInterfaceOrientationLandscapeLeft UIInterfaceOrientationLandscapeRight";
				LD_RUNPATH_SEARCH_PATHS = (
					"$(inherited)",
					"@executable_path/Frameworks",
				);
				MARKETING_VERSION = 1.0;
				PRODUCT_BUNDLE_IDENTIFIER = Jigar.MyTodoCrud;
				PRODUCT_NAME = "$(TARGET_NAME)";
				SWIFT_EMIT_LOC_STRINGS = YES;
				SWIFT_VERSION = 5.0;
				TARGETED_DEVICE_FAMILY = "1,2";
			};
			name = Debug;
		};
		184136AE2A74DB4A00C22818 /* Release */ = {
			isa = XCBuildConfiguration;
			baseConfigurationReference = 3BF4A16AE7B3234DAF376201 /* Pods-MyTodoCrud.release.xcconfig */;
			buildSettings = {
				ASSETCATALOG_COMPILER_APPICON_NAME = AppIcon;
				ASSETCATALOG_COMPILER_GLOBAL_ACCENT_COLOR_NAME = AccentColor;
				CODE_SIGN_STYLE = Automatic;
				CURRENT_PROJECT_VERSION = 1;
				DEVELOPMENT_TEAM = 5M8M86Z6A5;
				GENERATE_INFOPLIST_FILE = YES;
				INFOPLIST_FILE = MyTodoCrud/Info.plist;
				INFOPLIST_KEY_UIApplicationSupportsIndirectInputEvents = YES;
				INFOPLIST_KEY_UILaunchStoryboardName = LaunchScreen;
				INFOPLIST_KEY_UIMainStoryboardFile = Main;
				INFOPLIST_KEY_UISupportedInterfaceOrientations_iPad = "UIInterfaceOrientationPortrait UIInterfaceOrientationPortraitUpsideDown UIInterfaceOrientationLandscapeLeft UIInterfaceOrientationLandscapeRight";
				INFOPLIST_KEY_UISupportedInterfaceOrientations_iPhone = "UIInterfaceOrientationPortrait UIInterfaceOrientationLandscapeLeft UIInterfaceOrientationLandscapeRight";
				LD_RUNPATH_SEARCH_PATHS = (
					"$(inherited)",
					"@executable_path/Frameworks",
				);
				MARKETING_VERSION = 1.0;
				PRODUCT_BUNDLE_IDENTIFIER = Jigar.MyTodoCrud;
				PRODUCT_NAME = "$(TARGET_NAME)";
				SWIFT_EMIT_LOC_STRINGS = YES;
				SWIFT_VERSION = 5.0;
				TARGETED_DEVICE_FAMILY = "1,2";
			};
			name = Release;
		};
/* End XCBuildConfiguration section */

/* Begin XCConfigurationList section */
		184136932A74DB4900C22818 /* Build configuration list for PBXProject "MyTodoCrud" */ = {
			isa = XCConfigurationList;
			buildConfigurations = (
				184136AA2A74DB4A00C22818 /* Debug */,
				184136AB2A74DB4A00C22818 /* Release */,
			);
			defaultConfigurationIsVisible = 0;
			defaultConfigurationName = Release;
		};
		184136AC2A74DB4A00C22818 /* Build configuration list for PBXNativeTarget "MyTodoCrud" */ = {
			isa = XCConfigurationList;
			buildConfigurations = (
				184136AD2A74DB4A00C22818 /* Debug */,
				184136AE2A74DB4A00C22818 /* Release */,
			);
			defaultConfigurationIsVisible = 0;
			defaultConfigurationName = Release;
		};
/* End XCConfigurationList section */
	};
	rootObject = 184136902A74DB4900C22818 /* Project object */;
}
